# generated by rye
# use `rye lock` or `rye sync` to update this lockfile
#
# last locked with the following flags:
#   pre: false
#   features: []
#   all-features: false
#   with-sources: false

-e file:.
biopython==1.83
    # via sample-quant
certifi==2024.2.2
    # via requests
charset-normalizer==3.3.2
    # via requests
click==8.1.7
    # via dask
cloudpickle==3.0.0
    # via dask
dask==2024.2.1
    # via dask-expr
    # via sample-quant
dask-expr==0.5.2
    # via sample-quant
filelock==3.13.1
    # via huggingface-hub
    # via torch
    # via transformers
fsspec==2024.2.0
    # via dask
    # via huggingface-hub
    # via torch
huggingface-hub==0.21.0
    # via sentence-transformers
    # via tokenizers
    # via transformers
idna==3.6
    # via requests
importlib-metadata==7.0.1
    # via dask
jinja2==3.1.3
    # via torch
joblib==1.3.2
    # via scikit-learn
locket==1.0.0
    # via partd
markupsafe==2.1.5
    # via jinja2
mpmath==1.3.0
    # via sympy
networkx==3.2.1
    # via torch
numpy==1.26.4
    # via biopython
    # via pandas
    # via pyarrow
    # via sample-quant
    # via scikit-learn
    # via scipy
    # via sentence-transformers
    # via transformers
packaging==23.2
    # via dask
    # via huggingface-hub
    # via transformers
pandas==2.2.1
    # via dask-expr
    # via sample-quant
partd==1.4.1
    # via dask
pillow==10.2.0
    # via sentence-transformers
pyarrow==15.0.0
    # via dask-expr
    # via sample-quant
python-dateutil==2.8.2
    # via pandas
pytz==2024.1
    # via pandas
pyyaml==6.0.1
    # via dask
    # via huggingface-hub
    # via transformers
regex==2023.12.25
    # via transformers
requests==2.31.0
    # via huggingface-hub
    # via sample-quant
    # via transformers
safetensors==0.4.2
    # via transformers
scikit-learn==1.4.1.post1
    # via sentence-transformers
scipy==1.12.0
    # via scikit-learn
    # via sentence-transformers
sentence-transformers==2.4.0
    # via sample-quant
six==1.16.0
    # via python-dateutil
sympy==1.12
    # via torch
threadpoolctl==3.3.0
    # via scikit-learn
tokenizers==0.15.2
    # via transformers
toolz==0.12.1
    # via dask
    # via partd
torch==2.2.1
    # via sample-quant
    # via sentence-transformers
tqdm==4.66.2
    # via huggingface-hub
    # via sentence-transformers
    # via transformers
transformers==4.38.1
    # via sample-quant
    # via sentence-transformers
typing-extensions==4.10.0
    # via huggingface-hub
    # via torch
tzdata==2024.1
    # via pandas
urllib3==2.2.1
    # via requests
zipp==3.17.0
    # via importlib-metadata
